
Microsoft Visual Studio Solution File, Format Version 12.00
# Visual Studio Version 17
VisualStudioVersion = 17.0.31912.275
MinimumVisualStudioVersion = 10.0.40219.1
Project("{FAE04EC0-301F-11D3-BF4B-00C04F79EFBC}") = "project_2_13", "project_2_13\project_2_13.csproj", "{D34C4743-0D9F-4B45-8B58-3867FBEAD5A9}"
EndProject
Global
	GlobalSection(SolutionConfigurationPlatforms) = preSolution
		Debug|Any CPU = Debug|Any CPU
		Release|Any CPU = Release|Any CPU
	EndGlobalSection
	GlobalSection(ProjectConfigurationPlatforms) = postSolution
		{D34C4743-0D9F-4B45-8B58-3867FBEAD5A9}.Debug|Any CPU.ActiveCfg = Debug|Any CPU
		{D34C4743-0D9F-4B45-8B58-3867FBEAD5A9}.Debug|Any CPU.Build.0 = Debug|Any CPU
		{D34C4743-0D9F-4B45-8B58-3867FBEAD5A9}.Release|Any CPU.ActiveCfg = Release|Any CPU
		{D34C4743-0D9F-4B45-8B58-3867FBEAD5A9}.Release|Any CPU.Build.0 = Release|Any CPU
	EndGlobalSection
	GlobalSection(SolutionProperties) = preSolution
		HideSolutionNode = FALSE
	EndGlobalSection
	GlobalSection(ExtensibilityGlobals) = postSolution
		SolutionGuid = {3BC310D7-C982-4219-A8C7-D8C87412A573}
	EndGlobalSection
EndGlobal
